
Microsoft Visual Studio Solution File, Format Version 12.00
# Visual Studio Version 17
VisualStudioVersion = 17.11.35327.3
MinimumVisualStudioVersion = 10.0.40219.1
Project("{FAE04EC0-301F-11D3-BF4B-00C04F79EFBC}") = "EX002", "EX002.csproj", "{E08DA0D2-416F-439A-894C-30A705FE8975}"
EndProject
Global
	GlobalSection(SolutionConfigurationPlatforms) = preSolution
		Debug|Any CPU = Debug|Any CPU
		Release|Any CPU = Release|Any CPU
	EndGlobalSection
	GlobalSection(ProjectConfigurationPlatforms) = postSolution
		{E08DA0D2-416F-439A-894C-30A705FE8975}.Debug|Any CPU.ActiveCfg = Debug|Any CPU
		{E08DA0D2-416F-439A-894C-30A705FE8975}.Debug|Any CPU.Build.0 = Debug|Any CPU
		{E08DA0D2-416F-439A-894C-30A705FE8975}.Release|Any CPU.ActiveCfg = Release|Any CPU
		{E08DA0D2-416F-439A-894C-30A705FE8975}.Release|Any CPU.Build.0 = Release|Any CPU
	EndGlobalSection
	GlobalSection(SolutionProperties) = preSolution
		HideSolutionNode = FALSE
	EndGlobalSection
	GlobalSection(ExtensibilityGlobals) = postSolution
		SolutionGuid = {C8ED30C9-F3F3-4BAB-A13D-76A9366CF119}
	EndGlobalSection
EndGlobal
