
Microsoft Visual Studio Solution File, Format Version 12.00
# Visual Studio Version 17
VisualStudioVersion = 17.11.35327.3
MinimumVisualStudioVersion = 10.0.40219.1
Project("{FAE04EC0-301F-11D3-BF4B-00C04F79EFBC}") = "CALCULO_TRIANGULO2", "CALCULO_TRIANGULO2.csproj", "{CC6BC5AE-F028-442A-B55B-6D6FF807357A}"
EndProject
Global
	GlobalSection(SolutionConfigurationPlatforms) = preSolution
		Debug|Any CPU = Debug|Any CPU
		Release|Any CPU = Release|Any CPU
	EndGlobalSection
	GlobalSection(ProjectConfigurationPlatforms) = postSolution
		{CC6BC5AE-F028-442A-B55B-6D6FF807357A}.Debug|Any CPU.ActiveCfg = Debug|Any CPU
		{CC6BC5AE-F028-442A-B55B-6D6FF807357A}.Debug|Any CPU.Build.0 = Debug|Any CPU
		{CC6BC5AE-F028-442A-B55B-6D6FF807357A}.Release|Any CPU.ActiveCfg = Release|Any CPU
		{CC6BC5AE-F028-442A-B55B-6D6FF807357A}.Release|Any CPU.Build.0 = Release|Any CPU
	EndGlobalSection
	GlobalSection(SolutionProperties) = preSolution
		HideSolutionNode = FALSE
	EndGlobalSection
	GlobalSection(ExtensibilityGlobals) = postSolution
		SolutionGuid = {02186B11-C862-4395-96E6-99B70F2A10D0}
	EndGlobalSection
EndGlobal
