
Microsoft Visual Studio Solution File, Format Version 12.00
# Visual Studio Version 17
VisualStudioVersion = 17.11.35327.3
MinimumVisualStudioVersion = 10.0.40219.1
Project("{FAE04EC0-301F-11D3-BF4B-00C04F79EFBC}") = "TESTE_Banco", "TESTE_Banco.csproj", "{875C23E4-B6FC-4810-954C-1261E0403310}"
EndProject
Global
	GlobalSection(SolutionConfigurationPlatforms) = preSolution
		Debug|Any CPU = Debug|Any CPU
		Release|Any CPU = Release|Any CPU
	EndGlobalSection
	GlobalSection(ProjectConfigurationPlatforms) = postSolution
		{875C23E4-B6FC-4810-954C-1261E0403310}.Debug|Any CPU.ActiveCfg = Debug|Any CPU
		{875C23E4-B6FC-4810-954C-1261E0403310}.Debug|Any CPU.Build.0 = Debug|Any CPU
		{875C23E4-B6FC-4810-954C-1261E0403310}.Release|Any CPU.ActiveCfg = Release|Any CPU
		{875C23E4-B6FC-4810-954C-1261E0403310}.Release|Any CPU.Build.0 = Release|Any CPU
	EndGlobalSection
	GlobalSection(SolutionProperties) = preSolution
		HideSolutionNode = FALSE
	EndGlobalSection
	GlobalSection(ExtensibilityGlobals) = postSolution
		SolutionGuid = {BA525F0D-B581-4B9E-B5FB-85AA24272FA4}
	EndGlobalSection
EndGlobal
