
Microsoft Visual Studio Solution File, Format Version 12.00
# Visual Studio Version 17
VisualStudioVersion = 17.11.35327.3
MinimumVisualStudioVersion = 10.0.40219.1
Project("{FAE04EC0-301F-11D3-BF4B-00C04F79EFBC}") = "EX_FRUTAS", "EX_FRUTAS.csproj", "{B31299D9-8A0D-4A86-956B-84B37E58374E}"
EndProject
Global
	GlobalSection(SolutionConfigurationPlatforms) = preSolution
		Debug|Any CPU = Debug|Any CPU
		Release|Any CPU = Release|Any CPU
	EndGlobalSection
	GlobalSection(ProjectConfigurationPlatforms) = postSolution
		{B31299D9-8A0D-4A86-956B-84B37E58374E}.Debug|Any CPU.ActiveCfg = Debug|Any CPU
		{B31299D9-8A0D-4A86-956B-84B37E58374E}.Debug|Any CPU.Build.0 = Debug|Any CPU
		{B31299D9-8A0D-4A86-956B-84B37E58374E}.Release|Any CPU.ActiveCfg = Release|Any CPU
		{B31299D9-8A0D-4A86-956B-84B37E58374E}.Release|Any CPU.Build.0 = Release|Any CPU
	EndGlobalSection
	GlobalSection(SolutionProperties) = preSolution
		HideSolutionNode = FALSE
	EndGlobalSection
	GlobalSection(ExtensibilityGlobals) = postSolution
		SolutionGuid = {0B152379-086E-485B-BFFB-7669CEAF6568}
	EndGlobalSection
EndGlobal
