
Microsoft Visual Studio Solution File, Format Version 12.00
# Visual Studio Version 17
VisualStudioVersion = 17.11.35327.3
MinimumVisualStudioVersion = 10.0.40219.1
Project("{FAE04EC0-301F-11D3-BF4B-00C04F79EFBC}") = "TESTE_SALARIO", "TESTE_SALARIO.csproj", "{6AD24C44-2BFD-47D3-8CDA-2BB98731AC10}"
EndProject
Global
	GlobalSection(SolutionConfigurationPlatforms) = preSolution
		Debug|Any CPU = Debug|Any CPU
		Release|Any CPU = Release|Any CPU
	EndGlobalSection
	GlobalSection(ProjectConfigurationPlatforms) = postSolution
		{6AD24C44-2BFD-47D3-8CDA-2BB98731AC10}.Debug|Any CPU.ActiveCfg = Debug|Any CPU
		{6AD24C44-2BFD-47D3-8CDA-2BB98731AC10}.Debug|Any CPU.Build.0 = Debug|Any CPU
		{6AD24C44-2BFD-47D3-8CDA-2BB98731AC10}.Release|Any CPU.ActiveCfg = Release|Any CPU
		{6AD24C44-2BFD-47D3-8CDA-2BB98731AC10}.Release|Any CPU.Build.0 = Release|Any CPU
	EndGlobalSection
	GlobalSection(SolutionProperties) = preSolution
		HideSolutionNode = FALSE
	EndGlobalSection
	GlobalSection(ExtensibilityGlobals) = postSolution
		SolutionGuid = {2A6FFA69-6F32-44BD-AEFB-1D34C1F7ECF6}
	EndGlobalSection
EndGlobal
