
Microsoft Visual Studio Solution File, Format Version 12.00
# Visual Studio Version 17
VisualStudioVersion = 17.11.35327.3
MinimumVisualStudioVersion = 10.0.40219.1
Project("{FAE04EC0-301F-11D3-BF4B-00C04F79EFBC}") = "EX030", "EX030.csproj", "{8800B99B-ED22-4470-AB76-B49AFAA28E69}"
EndProject
Global
	GlobalSection(SolutionConfigurationPlatforms) = preSolution
		Debug|Any CPU = Debug|Any CPU
		Release|Any CPU = Release|Any CPU
	EndGlobalSection
	GlobalSection(ProjectConfigurationPlatforms) = postSolution
		{8800B99B-ED22-4470-AB76-B49AFAA28E69}.Debug|Any CPU.ActiveCfg = Debug|Any CPU
		{8800B99B-ED22-4470-AB76-B49AFAA28E69}.Debug|Any CPU.Build.0 = Debug|Any CPU
		{8800B99B-ED22-4470-AB76-B49AFAA28E69}.Release|Any CPU.ActiveCfg = Release|Any CPU
		{8800B99B-ED22-4470-AB76-B49AFAA28E69}.Release|Any CPU.Build.0 = Release|Any CPU
	EndGlobalSection
	GlobalSection(SolutionProperties) = preSolution
		HideSolutionNode = FALSE
	EndGlobalSection
	GlobalSection(ExtensibilityGlobals) = postSolution
		SolutionGuid = {89C8FF6A-6B21-4612-BC3A-21BC89A45E33}
	EndGlobalSection
EndGlobal
